
Microsoft Visual Studio Solution File, Format Version 12.00
# Visual Studio Version 17
VisualStudioVersion = 17.9.34728.123
MinimumVisualStudioVersion = 10.0.40219.1
Project("{FAE04EC0-301F-11D3-BF4B-00C04F79EFBC}") = "Restaurant_Pierre", "Restaurant_Pierre\Restaurant_Pierre.csproj", "{D71AB2AA-EC4E-48D0-A918-C4C331C7067B}"
EndProject
Global
	GlobalSection(SolutionConfigurationPlatforms) = preSolution
		Debug|Any CPU = Debug|Any CPU
		Release|Any CPU = Release|Any CPU
	EndGlobalSection
	GlobalSection(ProjectConfigurationPlatforms) = postSolution
		{D71AB2AA-EC4E-48D0-A918-C4C331C7067B}.Debug|Any CPU.ActiveCfg = Debug|Any CPU
		{D71AB2AA-EC4E-48D0-A918-C4C331C7067B}.Debug|Any CPU.Build.0 = Debug|Any CPU
		{D71AB2AA-EC4E-48D0-A918-C4C331C7067B}.Release|Any CPU.ActiveCfg = Release|Any CPU
		{D71AB2AA-EC4E-48D0-A918-C4C331C7067B}.Release|Any CPU.Build.0 = Release|Any CPU
	EndGlobalSection
	GlobalSection(SolutionProperties) = preSolution
		HideSolutionNode = FALSE
	EndGlobalSection
	GlobalSection(ExtensibilityGlobals) = postSolution
		SolutionGuid = {CDAB45A9-A704-47BB-896A-DFA3B69B25BD}
	EndGlobalSection
EndGlobal
